
Microsoft Visual Studio Solution File, Format Version 12.00
# Visual Studio Version 17
VisualStudioVersion = 17.0.31815.197
MinimumVisualStudioVersion = 10.0.40219.1
Project("{9A19103F-16F7-4668-BE54-9A1E7A4F7556}") = "MTG_ConsoleEngine", "MTG_ConsoleEngine.csproj", "{B5F23E8D-809F-4313-8B09-397E006FE8DB}"
EndProject
Project("{FAE04EC0-301F-11D3-BF4B-00C04F79EFBC}") = "MTG_ConsoleEngine.UnitTests", "..\MTG_ConsoleEngine.UnitTests\MTG_ConsoleEngine.UnitTests.csproj", "{5A212B8C-82F0-42F0-9874-E4E0BACCF0DA}"
EndProject
Global
	GlobalSection(SolutionConfigurationPlatforms) = preSolution
		Debug|Any CPU = Debug|Any CPU
		Release|Any CPU = Release|Any CPU
	EndGlobalSection
	GlobalSection(ProjectConfigurationPlatforms) = postSolution
		{B5F23E8D-809F-4313-8B09-397E006FE8DB}.Debug|Any CPU.ActiveCfg = Debug|Any CPU
		{B5F23E8D-809F-4313-8B09-397E006FE8DB}.Debug|Any CPU.Build.0 = Debug|Any CPU
		{B5F23E8D-809F-4313-8B09-397E006FE8DB}.Release|Any CPU.ActiveCfg = Release|Any CPU
		{B5F23E8D-809F-4313-8B09-397E006FE8DB}.Release|Any CPU.Build.0 = Release|Any CPU
		{5A212B8C-82F0-42F0-9874-E4E0BACCF0DA}.Debug|Any CPU.ActiveCfg = Debug|Any CPU
		{5A212B8C-82F0-42F0-9874-E4E0BACCF0DA}.Debug|Any CPU.Build.0 = Debug|Any CPU
		{5A212B8C-82F0-42F0-9874-E4E0BACCF0DA}.Release|Any CPU.ActiveCfg = Release|Any CPU
		{5A212B8C-82F0-42F0-9874-E4E0BACCF0DA}.Release|Any CPU.Build.0 = Release|Any CPU
	EndGlobalSection
	GlobalSection(SolutionProperties) = preSolution
		HideSolutionNode = FALSE
	EndGlobalSection
	GlobalSection(ExtensibilityGlobals) = postSolution
		SolutionGuid = {19602026-24E9-454C-8FE5-F14914861ED5}
	EndGlobalSection
EndGlobal
